{
  "version": 4,
  "terraform_version": "0.12.24",
  "serial": 10,
  "lineage": "176aa695-d0a7-18c9-789a-4ed3acdbf9a4",
  "outputs": {},
  "resources": [
    {
      "mode": "managed",
      "type": "aws_vpc",
      "name": "challenge1vpc",
      "provider": "provider.aws",
      "instances": [
        {
          "schema_version": 1,
          "attributes": {
            "arn": "arn:aws:ec2:us-east-1:430304111372:vpc/vpc-0f66a00c528ed40d6",
            "assign_generated_ipv6_cidr_block": false,
            "cidr_block": "192.168.0.0/24",
            "default_network_acl_id": "acl-0a19378818789c722",
            "default_route_table_id": "rtb-058b3fe1adc91ec22",
            "default_security_group_id": "sg-078f8a36e15e3ec0f",
            "dhcp_options_id": "dopt-0755dd8f8ba3fbaab",
            "enable_classiclink": false,
            "enable_classiclink_dns_support": false,
            "enable_dns_hostnames": false,
            "enable_dns_support": true,
            "id": "vpc-0f66a00c528ed40d6",
            "instance_tenancy": "default",
            "ipv6_association_id": "",
            "ipv6_cidr_block": "",
            "main_route_table_id": "rtb-058b3fe1adc91ec22",
            "owner_id": "430304111372",
            "tags": {
              "Name": "TerraformVPC",
              "Owner": "Ellise"
            },
            "tags_all": {
              "Name": "TerraformVPC",
              "Owner": "Ellise"
            }
          },
          "private": "eyJzY2hlbWFfdmVyc2lvbiI6IjEifQ=="
        }
      ]
    }
  ]
}
