{
  "version": 4,
  "terraform_version": "0.12.24",
  "serial": 1,
  "lineage": "50e52777-0776-cba6-3dec-8518eaa4d914",
  "outputs": {},
  "resources": [
    {
      "mode": "managed",
      "type": "aws_vpc",
      "name": "myvpc",
      "provider": "provider.aws",
      "instances": [
        {
          "schema_version": 1,
          "attributes": {
            "arn": "arn:aws:ec2:us-east-1:430304111372:vpc/vpc-08ecd1ff833f937fe",
            "assign_generated_ipv6_cidr_block": false,
            "cidr_block": "10.0.0.0/16",
            "default_network_acl_id": "acl-03d04ce42d67dc960",
            "default_route_table_id": "rtb-0c5811d7e4e633974",
            "default_security_group_id": "sg-0fc1d33248351275d",
            "dhcp_options_id": "dopt-0755dd8f8ba3fbaab",
            "enable_classiclink": false,
            "enable_classiclink_dns_support": false,
            "enable_dns_hostnames": false,
            "enable_dns_support": true,
            "id": "vpc-08ecd1ff833f937fe",
            "instance_tenancy": "default",
            "ipv6_association_id": "",
            "ipv6_cidr_block": "",
            "main_route_table_id": "rtb-0c5811d7e4e633974",
            "owner_id": "430304111372",
            "tags": {
              "Name": "inputtest"
            },
            "tags_all": {
              "Name": "inputtest"
            }
          },
          "private": "eyJzY2hlbWFfdmVyc2lvbiI6IjEifQ=="
        }
      ]
    }
  ]
}
